
Microsoft Visual Studio Solution File, Format Version 12.00
# Visual Studio Version 17
VisualStudioVersion = 17.0.31815.197
MinimumVisualStudioVersion = 10.0.40219.1
Project("{FAE04EC0-301F-11D3-BF4B-00C04F79EFBC}") = "Algorithms", "Algorithms.csproj", "{14878106-2B2D-4BFE-BAC3-A380AD58BA4C}"
EndProject
Global
	GlobalSection(SolutionConfigurationPlatforms) = preSolution
		Debug|Any CPU = Debug|Any CPU
		Release|Any CPU = Release|Any CPU
	EndGlobalSection
	GlobalSection(ProjectConfigurationPlatforms) = postSolution
		{14878106-2B2D-4BFE-BAC3-A380AD58BA4C}.Debug|Any CPU.ActiveCfg = Debug|Any CPU
		{14878106-2B2D-4BFE-BAC3-A380AD58BA4C}.Debug|Any CPU.Build.0 = Debug|Any CPU
		{14878106-2B2D-4BFE-BAC3-A380AD58BA4C}.Release|Any CPU.ActiveCfg = Release|Any CPU
		{14878106-2B2D-4BFE-BAC3-A380AD58BA4C}.Release|Any CPU.Build.0 = Release|Any CPU
	EndGlobalSection
	GlobalSection(SolutionProperties) = preSolution
		HideSolutionNode = FALSE
	EndGlobalSection
	GlobalSection(ExtensibilityGlobals) = postSolution
		SolutionGuid = {29471D00-2A93-497B-BEF6-4C693B963BA1}
	EndGlobalSection
EndGlobal
